
Microsoft Visual Studio Solution File, Format Version 12.00
# Visual Studio Version 17
VisualStudioVersion = 17.14.36518.9 d17.14
MinimumVisualStudioVersion = 10.0.40219.1
Project("{FAE04EC0-301F-11D3-BF4B-00C04F79EFBC}") = "Fleet-Managment", "Fleet-Managment\Fleet-Managment.csproj", "{E5CB7BF9-AAD0-4556-AE2A-C01E5080E34A}"
EndProject
Global
	GlobalSection(SolutionConfigurationPlatforms) = preSolution
		Debug|Any CPU = Debug|Any CPU
		Release|Any CPU = Release|Any CPU
	EndGlobalSection
	GlobalSection(ProjectConfigurationPlatforms) = postSolution
		{E5CB7BF9-AAD0-4556-AE2A-C01E5080E34A}.Debug|Any CPU.ActiveCfg = Debug|Any CPU
		{E5CB7BF9-AAD0-4556-AE2A-C01E5080E34A}.Debug|Any CPU.Build.0 = Debug|Any CPU
		{E5CB7BF9-AAD0-4556-AE2A-C01E5080E34A}.Release|Any CPU.ActiveCfg = Release|Any CPU
		{E5CB7BF9-AAD0-4556-AE2A-C01E5080E34A}.Release|Any CPU.Build.0 = Release|Any CPU
	EndGlobalSection
	GlobalSection(SolutionProperties) = preSolution
		HideSolutionNode = FALSE
	EndGlobalSection
	GlobalSection(ExtensibilityGlobals) = postSolution
		SolutionGuid = {6F0ADF42-999A-4BD1-8CE0-D5BE28EC532E}
	EndGlobalSection
EndGlobal
